{
  "name": "zoeleblanc.com",
  "version": "1.0.0",
  "lockfileVersion": 1,
  "requires": true,
  "dependencies": {
    "@babel/runtime": {
      "version": "7.18.6",
      "resolved": "https://registry.npmjs.org/@babel/runtime/-/runtime-7.18.6.tgz",
      "integrity": "sha512-t9wi7/AW6XtKahAe20Yw0/mMljKq0B1r2fPdvaAdV/KPDZewFXdaaa6K7lxmZBZ8FBNpCiAT6iHPmd6QO9bKfQ==",
      "requires": {
        "regenerator-runtime": "^0.13.4"
      }
    },
    "balanced-match": {
      "version": "1.0.2",
      "resolved": "https://registry.npmjs.org/balanced-match/-/balanced-match-1.0.2.tgz",
      "integrity": "sha512-3oSeUO0TMV67hN1AmbXsK4yaqU7tjiHlbxRDZOpH0KW9+CeX4bRAaX0Anxt0tx2MrpRpWwQaPwIlISEJhYU5Pw=="
    },
    "big-integer": {
      "version": "1.6.51",
      "resolved": "https://registry.npmjs.org/big-integer/-/big-integer-1.6.51.tgz",
      "integrity": "sha512-GPEid2Y9QU1Exl1rpO9B2IPJGHPSupF5GnVIP0blYvNOMer2bTvSWs1jGOUg04hTmu67nmLsQ9TBo1puaotBHg=="
    },
    "brace-expansion": {
      "version": "1.1.11",
      "resolved": "https://registry.npmjs.org/brace-expansion/-/brace-expansion-1.1.11.tgz",
      "integrity": "sha512-iCuPHDFgrHX7H2vEI/5xpz07zSHB00TpugqhmYtVmMO6518mCuRMoOYFldEBl0g187ufozdaHgWKcYFb61qGiA==",
      "requires": {
        "balanced-match": "^1.0.0",
        "concat-map": "0.0.1"
      }
    },
    "broadcast-channel": {
      "version": "2.3.4",
      "resolved": "https://registry.npmjs.org/broadcast-channel/-/broadcast-channel-2.3.4.tgz",
      "integrity": "sha512-cx1/dSb6KZ9HW1VtlqM/HLPjrdyzkKoteVmUpLXEpra00mDQW/F9ieDkoavuZMoh9/hC/6OplGzCERsZBfz/Wg==",
      "requires": {
        "@babel/runtime": "^7.6.2",
        "detect-node": "^2.0.4",
        "js-sha3": "0.8.0",
        "microseconds": "0.1.0",
        "nano-time": "1.0.0",
        "rimraf": "2.6.3",
        "unload": "2.2.0"
      }
    },
    "camera-2d-simple": {
      "version": "2.2.1",
      "resolved": "https://registry.npmjs.org/camera-2d-simple/-/camera-2d-simple-2.2.1.tgz",
      "integrity": "sha512-Og9ybFhRmjqzMMkouJlylX2I3LYGJpiuQp2vvCrUiiZmRGEB8El0xSSBpA6Xyfqn6hsEwA5wSRU1f9hhBptQpw==",
      "requires": {
        "gl-matrix": "~3.1.0"
      },
      "dependencies": {
        "gl-matrix": {
          "version": "3.1.0",
          "resolved": "https://registry.npmjs.org/gl-matrix/-/gl-matrix-3.1.0.tgz",
          "integrity": "sha512-526NA+3EA+ztAQi0IZpSWiM0fyQXIp7IbRvfJ4wS/TjjQD0uv0fVybXwwqqSOlq33UckivI0yMDlVtboWm3k7A=="
        }
      }
    },
    "canvas-camera-2d": {
      "version": "0.5.5",
      "resolved": "https://registry.npmjs.org/canvas-camera-2d/-/canvas-camera-2d-0.5.5.tgz",
      "integrity": "sha512-XPCHsA0opqu1FnpOXBHkk7AJhdh1Z2yai8kr8AVWVf9mOMrlVDODopGrfsBU+QsTvkYu9CliOqdniRH97TtgMA==",
      "requires": {
        "camera-2d-simple": "^2.0.0-rc2",
        "gl-matrix": "^2.8.1",
        "is-key-down": "^0.1.0",
        "mouse-position": "^2.1.0",
        "mouse-pressed": "^1.0.0",
        "scroll-speed": "github:flekschas/scroll-speed"
      }
    },
    "concat-map": {
      "version": "0.0.1",
      "resolved": "https://registry.npmjs.org/concat-map/-/concat-map-0.0.1.tgz",
      "integrity": "sha512-/Srv4dswyQNBfohGpz9o6Yb3Gz3SrUDqBH5rTuhGR7ahtlbYKnVxw2bCFMRljaA7EXHaXZ8wsHdodFvbkhKmqg=="
    },
    "detect-node": {
      "version": "2.1.0",
      "resolved": "https://registry.npmjs.org/detect-node/-/detect-node-2.1.0.tgz",
      "integrity": "sha512-T0NIuQpnTvFDATNuHN5roPwSBG83rFsuO+MXXH9/3N1eFbn4wcPjttvjMLEPWJ0RGUYgQE7cGgS3tNxbqCGM7g=="
    },
    "events": {
      "version": "1.1.1",
      "resolved": "https://registry.npmjs.org/events/-/events-1.1.1.tgz",
      "integrity": "sha512-kEcvvCBByWXGnZy6JUlgAp2gBIUjfCAV6P6TgT1/aaQKcmuAEC4OZTV1I4EWQLz2gxZw76atuVyvHhTxvi0Flw=="
    },
    "fs.realpath": {
      "version": "1.0.0",
      "resolved": "https://registry.npmjs.org/fs.realpath/-/fs.realpath-1.0.0.tgz",
      "integrity": "sha512-OO0pH2lK6a0hZnAdau5ItzHPI6pUlvI7jMVnxUQRtw4owF2wk8lOSabtGDCTP4Ggrg2MbGnWO9X8K1t4+fGMDw=="
    },
    "gl-matrix": {
      "version": "2.8.1",
      "resolved": "https://registry.npmjs.org/gl-matrix/-/gl-matrix-2.8.1.tgz",
      "integrity": "sha512-0YCjVpE3pS5XWlN3J4X7AiAx65+nqAI54LndtVFnQZB6G/FVLkZH8y8V6R3cIoOQR4pUdfwQGd1iwyoXHJ4Qfw=="
    },
    "glob": {
      "version": "7.2.3",
      "resolved": "https://registry.npmjs.org/glob/-/glob-7.2.3.tgz",
      "integrity": "sha512-nFR0zLpU2YCaRxwoCJvL6UvCH2JFyFVIvwTLsIf21AuHlMskA1hhTdk+LlYJtOlYt9v6dvszD2BGRqBL+iQK9Q==",
      "requires": {
        "fs.realpath": "^1.0.0",
        "inflight": "^1.0.4",
        "inherits": "2",
        "minimatch": "^3.1.1",
        "once": "^1.3.0",
        "path-is-absolute": "^1.0.0"
      }
    },
    "inflight": {
      "version": "1.0.6",
      "resolved": "https://registry.npmjs.org/inflight/-/inflight-1.0.6.tgz",
      "integrity": "sha512-k92I/b08q4wvFscXCLvqfsHCrjrF7yiXsQuIVvVE7N82W3+aqpzuUdBbfhWcy/FZR3/4IgflMgKLOsvPDrGCJA==",
      "requires": {
        "once": "^1.3.0",
        "wrappy": "1"
      }
    },
    "inherits": {
      "version": "2.0.4",
      "resolved": "https://registry.npmjs.org/inherits/-/inherits-2.0.4.tgz",
      "integrity": "sha512-k/vGaX4/Yla3WzyMCvTQOXYeIHvqOKtnqBduzTHpzpQZzAskKMhZ2K+EnBiSM9zGSoIFeMpXKxa4dYeZIQqewQ=="
    },
    "is-key-down": {
      "version": "0.1.0",
      "resolved": "https://registry.npmjs.org/is-key-down/-/is-key-down-0.1.0.tgz",
      "integrity": "sha512-gABxMgDzup5kppx5gkgX26sdemiDWYRV2ArBAq8iUGeOE/JpCR0Wyw9dkbQZ9+3DoaYnYORlueHFR0++RxasqA==",
      "requires": {
        "broadcast-channel": "^2.1.8"
      }
    },
    "js-sha3": {
      "version": "0.8.0",
      "resolved": "https://registry.npmjs.org/js-sha3/-/js-sha3-0.8.0.tgz",
      "integrity": "sha512-gF1cRrHhIzNfToc802P800N8PpXS+evLLXfsVpowqmAFR9uwbi89WvXg2QspOmXL8QL86J4T1EpFu+yUkwJY3Q=="
    },
    "kdbush": {
      "version": "3.0.0",
      "resolved": "https://registry.npmjs.org/kdbush/-/kdbush-3.0.0.tgz",
      "integrity": "sha512-hRkd6/XW4HTsA9vjVpY9tuXJYLSlelnkTmVFu4M9/7MIYQtFcHpbugAU7UbOfjOiVSVYl2fqgBuJ32JUmRo5Ew=="
    },
    "lodash-es": {
      "version": "4.17.21",
      "resolved": "https://registry.npmjs.org/lodash-es/-/lodash-es-4.17.21.tgz",
      "integrity": "sha512-mKnC+QJ9pWVzv+C4/U3rRsHapFfHvQFoFB92e52xeyGMcX6/OlIl78je1u8vePzYZSkkogMPJ2yjxxsb89cxyw=="
    },
    "lunr": {
      "version": "2.3.0",
      "resolved": "https://registry.npmjs.org/lunr/-/lunr-2.3.0.tgz",
      "integrity": "sha1-TXwMoSvdHgRHsMExuRQgkpdAyI8="
    },
    "microseconds": {
      "version": "0.1.0",
      "resolved": "https://registry.npmjs.org/microseconds/-/microseconds-0.1.0.tgz",
      "integrity": "sha512-yF2K4aHXKxO4OGhW7Ek2KLgKEAFbSblBLKlF6KzwQUhjK7+uAzatRr6fZ82bftdnuDQrkBHAJp5s8quj1ME3wA=="
    },
    "minimatch": {
      "version": "3.1.2",
      "resolved": "https://registry.npmjs.org/minimatch/-/minimatch-3.1.2.tgz",
      "integrity": "sha512-J7p63hRiAjw1NDEww1W7i37+ByIrOWO5XQQAzZ3VOcL0PNybwpfmV/N05zFAzwQ9USyEcX6t3UO+K5aqBQOIHw==",
      "requires": {
        "brace-expansion": "^1.1.7"
      }
    },
    "moment": {
      "version": "2.29.4",
      "resolved": "https://registry.npmjs.org/moment/-/moment-2.29.4.tgz",
      "integrity": "sha512-5LC9SOxjSc2HF6vO2CyuTDNivEdoz2IvyJJGj6X8DJ0eFyfszE0QiEd+iXmBvUP3WHxSjFH/vIsA0EN00cgr8w=="
    },
    "mouse-position": {
      "version": "2.1.0",
      "resolved": "https://registry.npmjs.org/mouse-position/-/mouse-position-2.1.0.tgz",
      "integrity": "sha512-Ra8/RFn9e9/D2v9syhF5bLo4yiWvqZzcC/5bHOvkixDAkvO3WhlWN2xQRHSirMoYk2bagIae2upXXwxTxzI3BQ==",
      "requires": {
        "events": "^1.0.1"
      }
    },
    "mouse-pressed": {
      "version": "1.0.0",
      "resolved": "https://registry.npmjs.org/mouse-pressed/-/mouse-pressed-1.0.0.tgz",
      "integrity": "sha512-CDbtMHo1njSnd4Bw+aLcs7L6Q4RS8gIjt50HaFkjIdr7XWrn/jAC3EqUZoBISb9d++K0oB13qXztvuMoLNdTyA==",
      "requires": {
        "events": "^1.0.1"
      }
    },
    "nano-time": {
      "version": "1.0.0",
      "resolved": "https://registry.npmjs.org/nano-time/-/nano-time-1.0.0.tgz",
      "integrity": "sha512-flnngywOoQ0lLQOTRNexn2gGSNuM9bKj9RZAWSzhQ+UJYaAFG9bac4DW9VHjUAzrOaIcajHybCTHe/bkvozQqA==",
      "requires": {
        "big-integer": "^1.6.16"
      }
    },
    "oblivious-set": {
      "version": "1.0.0",
      "resolved": "https://registry.npmjs.org/oblivious-set/-/oblivious-set-1.0.0.tgz",
      "integrity": "sha512-z+pI07qxo4c2CulUHCDf9lcqDlMSo72N/4rLUpRXf6fu+q8vjt8y0xS+Tlf8NTJDdTXHbdeO1n3MlbctwEoXZw=="
    },
    "once": {
      "version": "1.4.0",
      "resolved": "https://registry.npmjs.org/once/-/once-1.4.0.tgz",
      "integrity": "sha512-lNaJgI+2Q5URQBkccEKHTQOPaXdUxnZZElQTZY0MFUAuaEqe1E+Nyvgdz/aIyNi6Z9MzO5dv1H8n58/GELp3+w==",
      "requires": {
        "wrappy": "1"
      }
    },
    "path-is-absolute": {
      "version": "1.0.1",
      "resolved": "https://registry.npmjs.org/path-is-absolute/-/path-is-absolute-1.0.1.tgz",
      "integrity": "sha512-AVbw3UJ2e9bq64vSaS9Am0fje1Pa8pbGqTTsmXfaIiMpnr5DlDhfJOuLj9Sf95ZPVDAUerDfEk88MPmPe7UCQg=="
    },
    "pub-sub-es": {
      "version": "1.2.2",
      "resolved": "https://registry.npmjs.org/pub-sub-es/-/pub-sub-es-1.2.2.tgz",
      "integrity": "sha512-bpQ7r4n4FVg7aZAYWoB80jlziV9b2w2cEUZGieU80CSrnv5A2i8ZvXrRY7GD4rdYpd8LytBE+8bMqM1JCGFYOw==",
      "requires": {
        "broadcast-channel": "^3.1.0"
      },
      "dependencies": {
        "broadcast-channel": {
          "version": "3.7.0",
          "resolved": "https://registry.npmjs.org/broadcast-channel/-/broadcast-channel-3.7.0.tgz",
          "integrity": "sha512-cIAKJXAxGJceNZGTZSBzMxzyOn72cVgPnKx4dc6LRjQgbaJUQqhy5rzL3zbMxkMWsGKkv2hSFkPRMEXfoMZ2Mg==",
          "requires": {
            "@babel/runtime": "^7.7.2",
            "detect-node": "^2.1.0",
            "js-sha3": "0.8.0",
            "microseconds": "0.2.0",
            "nano-time": "1.0.0",
            "oblivious-set": "1.0.0",
            "rimraf": "3.0.2",
            "unload": "2.2.0"
          }
        },
        "microseconds": {
          "version": "0.2.0",
          "resolved": "https://registry.npmjs.org/microseconds/-/microseconds-0.2.0.tgz",
          "integrity": "sha512-n7DHHMjR1avBbSpsTBj6fmMGh2AGrifVV4e+WYc3Q9lO+xnSZ3NyhcBND3vzzatt05LFhoKFRxrIyklmLlUtyA=="
        },
        "rimraf": {
          "version": "3.0.2",
          "resolved": "https://registry.npmjs.org/rimraf/-/rimraf-3.0.2.tgz",
          "integrity": "sha512-JZkJMZkAGFFPP2YqXZXPbMlMBgsxzE8ILs4lMIX/2o0L9UBw9O/Y3o6wFw/i9YLapcUJWwqbi3kdxIPdC62TIA==",
          "requires": {
            "glob": "^7.1.3"
          }
        }
      }
    },
    "regenerator-runtime": {
      "version": "0.13.9",
      "resolved": "https://registry.npmjs.org/regenerator-runtime/-/regenerator-runtime-0.13.9.tgz",
      "integrity": "sha512-p3VT+cOEgxFsRRA9X4lkI1E+k2/CtnKtU4gcxyaCUreilL/vqI6CdZ3wxVUx3UOUg+gnUOQQcRI7BmSI656MYA=="
    },
    "regl": {
      "version": "1.7.0",
      "resolved": "https://registry.npmjs.org/regl/-/regl-1.7.0.tgz",
      "integrity": "sha512-bEAtp/qrtKucxXSJkD4ebopFZYP0q1+3Vb2WECWv/T8yQEgKxDxJ7ztO285tAMaYZVR6mM1GgI6CCn8FROtL1w=="
    },
    "regl-line": {
      "version": "0.1.4",
      "resolved": "https://registry.npmjs.org/regl-line/-/regl-line-0.1.4.tgz",
      "integrity": "sha512-E4MFL+OBS0XjMtyKMdQHpe+JvsZdzyQafxSh8ccxjlyLgAfoJPsIIN1djdw15lp9Bn4BvMnCQKOGsivKaLmALA==",
      "requires": {
        "regl": "^1.3.7"
      }
    },
    "regl-scatterplot": {
      "version": "0.6.0",
      "resolved": "https://registry.npmjs.org/regl-scatterplot/-/regl-scatterplot-0.6.0.tgz",
      "integrity": "sha512-VX3FFHbcKkEb+QnwM5kqzWIcA77ZRie9nhRqK6fYGK5w+tkqeZ2Svn5vYxu+KxLSwpuP9KSIs9q8kz4S3b/16w==",
      "requires": {
        "camera-2d-simple": "^2.0.0-rc2",
        "canvas-camera-2d": "^0.5.5",
        "gl-matrix": "^2.8.1",
        "is-key-down": "^0.1.0",
        "kdbush": "^3.0.0",
        "lodash-es": "^4.17.11",
        "pub-sub-es": "^1.2.0",
        "regl": "^1.3.9",
        "regl-line": "^0.1.3",
        "scroll-speed": "github:flekschas/scroll-speed",
        "with-raf": "^1.0.0"
      }
    },
    "rimraf": {
      "version": "2.6.3",
      "resolved": "https://registry.npmjs.org/rimraf/-/rimraf-2.6.3.tgz",
      "integrity": "sha512-mwqeW5XsA2qAejG46gYdENaxXjx9onRNCfn7L0duuP4hCuTIi/QO7PDK07KJfp1d+izWPrzEJDcSqBa0OZQriA==",
      "requires": {
        "glob": "^7.1.3"
      }
    },
    "scroll-speed": {
      "version": "github:flekschas/scroll-speed#deb9fe1c9fc444ae7abfc2dd7a95e4e68c8ab174",
      "from": "github:flekschas/scroll-speed",
      "requires": {
        "events": "^1.0.0",
        "wheel": "0.0.5"
      }
    },
    "scrollstory": {
      "version": "1.1.0",
      "resolved": "https://registry.npmjs.org/scrollstory/-/scrollstory-1.1.0.tgz",
      "integrity": "sha512-jTTiWadlOtz/s5/H0ad2cn74EaeINhB6OrOdyklrAWvQ0hMS8ua1gbxC3QXzMPAgj1/Kr15vaGlzi0NL1j2vXA=="
    },
    "unload": {
      "version": "2.2.0",
      "resolved": "https://registry.npmjs.org/unload/-/unload-2.2.0.tgz",
      "integrity": "sha512-B60uB5TNBLtN6/LsgAf3udH9saB5p7gqJwcFfbOEZ8BcBHnGwCf6G/TGiEqkRAxX7zAFIUtzdrXQSdL3Q/wqNA==",
      "requires": {
        "@babel/runtime": "^7.6.2",
        "detect-node": "^2.0.4"
      }
    },
    "wheel": {
      "version": "0.0.5",
      "resolved": "https://registry.npmjs.org/wheel/-/wheel-0.0.5.tgz",
      "integrity": "sha512-qPvcARyWWge6x8afEJhkAs7wBdLh+5+cvJE9OeYpa2fS18z2fuCwCiau0wlaYJzgLkmhWEwc0zXRFK3OM0d/+w=="
    },
    "with-raf": {
      "version": "1.1.1",
      "resolved": "https://registry.npmjs.org/with-raf/-/with-raf-1.1.1.tgz",
      "integrity": "sha512-GaHvVRBP63evLsAwpP55MKkJmly+lgqlyetI8+atG3DGXpVbaY0hvg5PlhsojtGHIG7ag22q5wYO5sd04qpOkg=="
    },
    "wrappy": {
      "version": "1.0.2",
      "resolved": "https://registry.npmjs.org/wrappy/-/wrappy-1.0.2.tgz",
      "integrity": "sha512-l4Sp/DRseor9wL6EvV2+TuQn63dMkPjZ/sp9XkghTEbV9KlPS1xUsZ3u7/IQO4wxtcFB4bgpQPRcR3QCvezPcQ=="
    }
  }
}
